
Microsoft Visual Studio Solution File, Format Version 12.00
# Visual Studio Version 17
VisualStudioVersion = 17.14.36221.1 d17.14
MinimumVisualStudioVersion = 10.0.40219.1
Project("{FAE04EC0-301F-11D3-BF4B-00C04F79EFBC}") = "assignment2", "assignment2\assignment2.csproj", "{2B0F23B8-1BD0-43AE-8F2F-B05DE4834C92}"
EndProject
Global
	GlobalSection(SolutionConfigurationPlatforms) = preSolution
		Debug|Any CPU = Debug|Any CPU
		Release|Any CPU = Release|Any CPU
	EndGlobalSection
	GlobalSection(ProjectConfigurationPlatforms) = postSolution
		{2B0F23B8-1BD0-43AE-8F2F-B05DE4834C92}.Debug|Any CPU.ActiveCfg = Debug|Any CPU
		{2B0F23B8-1BD0-43AE-8F2F-B05DE4834C92}.Debug|Any CPU.Build.0 = Debug|Any CPU
		{2B0F23B8-1BD0-43AE-8F2F-B05DE4834C92}.Release|Any CPU.ActiveCfg = Release|Any CPU
		{2B0F23B8-1BD0-43AE-8F2F-B05DE4834C92}.Release|Any CPU.Build.0 = Release|Any CPU
	EndGlobalSection
	GlobalSection(SolutionProperties) = preSolution
		HideSolutionNode = FALSE
	EndGlobalSection
	GlobalSection(ExtensibilityGlobals) = postSolution
		SolutionGuid = {0D5E230B-F54F-46B1-998E-B5A260751D8F}
	EndGlobalSection
EndGlobal
